// !$*UTF8*$!
{
	archiveVersion = 1;
	classes = {
	};
	objectVersion = 46;
	objects = {

/* Begin PBXBuildFile section */
		35606A201DED13B600302656 /* YXHistoryViewController.swift in Sources */ = {isa = PBXBuildFile; fileRef = 35606A1F1DED13B600302656 /* YXHistoryViewController.swift */; };
		35606A221DED13C200302656 /* YXFindViewController.swift in Sources */ = {isa = PBXBuildFile; fileRef = 35606A211DED13C200302656 /* YXFindViewController.swift */; };
		35606A241DED13CD00302656 /* YXMeViewController.swift in Sources */ = {isa = PBXBuildFile; fileRef = 35606A231DED13CD00302656 /* YXMeViewController.swift */; };
		35606A2B1DED776C00302656 /* Assets.xcassets in Resources */ = {isa = PBXBuildFile; fileRef = 35606A2A1DED776C00302656 /* Assets.xcassets */; };
		35606A311DED9EE700302656 /* YYFPSLabel.m in Sources */ = {isa = PBXBuildFile; fileRef = 35606A2E1DED9EE700302656 /* YYFPSLabel.m */; };
		35606A321DED9EE700302656 /* YYWeakProxy.m in Sources */ = {isa = PBXBuildFile; fileRef = 35606A301DED9EE700302656 /* YYWeakProxy.m */; };
		356123B71DF7A87A00EED1D4 /* YXNewDetailViewController.swift in Sources */ = {isa = PBXBuildFile; fileRef = 356123B61DF7A87A00EED1D4 /* YXNewDetailViewController.swift */; };
		356123B91DF7A9AD00EED1D4 /* YXNewDetailHeadView.swift in Sources */ = {isa = PBXBuildFile; fileRef = 356123B81DF7A9AD00EED1D4 /* YXNewDetailHeadView.swift */; };
		356123BB1DF7BFF500EED1D4 /* YXNewDetailTableViewCell.swift in Sources */ = {isa = PBXBuildFile; fileRef = 356123BA1DF7BFF500EED1D4 /* YXNewDetailTableViewCell.swift */; };
		356123BE1DF7F2E300EED1D4 /* YXNavigationController.swift in Sources */ = {isa = PBXBuildFile; fileRef = 356123BD1DF7F2E300EED1D4 /* YXNavigationController.swift */; };
		356123C41DF80E2500EED1D4 /* YXAddFriendViewController.swift in Sources */ = {isa = PBXBuildFile; fileRef = 356123C31DF80E2500EED1D4 /* YXAddFriendViewController.swift */; };
		356123C61DF80F1900EED1D4 /* YXAddFriendHeadView.swift in Sources */ = {isa = PBXBuildFile; fileRef = 356123C51DF80F1900EED1D4 /* YXAddFriendHeadView.swift */; };
		356123C81DF823D700EED1D4 /* YXAddFriendOneTableViewCell.swift in Sources */ = {isa = PBXBuildFile; fileRef = 356123C71DF823D700EED1D4 /* YXAddFriendOneTableViewCell.swift */; };
		356123CA1DF82AF200EED1D4 /* YXTextField.swift in Sources */ = {isa = PBXBuildFile; fileRef = 356123C91DF82AF200EED1D4 /* YXTextField.swift */; };
		356123CC1DF830E700EED1D4 /* YXAddFriendTwoTableViewCell.swift in Sources */ = {isa = PBXBuildFile; fileRef = 356123CB1DF830E700EED1D4 /* YXAddFriendTwoTableViewCell.swift */; };
		356123CE1DF833BD00EED1D4 /* YXAddFriendDataManager.swift in Sources */ = {isa = PBXBuildFile; fileRef = 356123CD1DF833BD00EED1D4 /* YXAddFriendDataManager.swift */; };
		356123D01DF8368500EED1D4 /* YXAddFriendThreeTableViewCell.swift in Sources */ = {isa = PBXBuildFile; fileRef = 356123CF1DF8368500EED1D4 /* YXAddFriendThreeTableViewCell.swift */; };
		3578B5B11DF122EB0012C5A1 /* CoreData.framework in Frameworks */ = {isa = PBXBuildFile; fileRef = 3578B5B01DF122EB0012C5A1 /* CoreData.framework */; };
		3578B5BF1DF127420012C5A1 /* data.xcdatamodeld in Sources */ = {isa = PBXBuildFile; fileRef = 3578B5BB1DF127420012C5A1 /* data.xcdatamodeld */; };
		3582D7FC1DF0436F00FBA86D /* YXHistoryMainCell.swift in Sources */ = {isa = PBXBuildFile; fileRef = 3582D7FB1DF0436F00FBA86D /* YXHistoryMainCell.swift */; };
		3582D7FF1DF04C0F00FBA86D /* SourceHanSansCN-Light.TTF in Resources */ = {isa = PBXBuildFile; fileRef = 3582D7FE1DF04C0F00FBA86D /* SourceHanSansCN-Light.TTF */; };
		359206CE1DEEAE44007C77A3 /* YXHomeViewController.swift in Sources */ = {isa = PBXBuildFile; fileRef = 359206C71DEEAE44007C77A3 /* YXHomeViewController.swift */; };
		359206D01DEEAE44007C77A3 /* YXHomeDataManager.swift in Sources */ = {isa = PBXBuildFile; fileRef = 359206CA1DEEAE44007C77A3 /* YXHomeDataManager.swift */; };
		359206D11DEEAE44007C77A3 /* YXHomeModel.swift in Sources */ = {isa = PBXBuildFile; fileRef = 359206CB1DEEAE44007C77A3 /* YXHomeModel.swift */; };
		359206D21DEEAE44007C77A3 /* YXHomeTableViewCell.swift in Sources */ = {isa = PBXBuildFile; fileRef = 359206CD1DEEAE44007C77A3 /* YXHomeTableViewCell.swift */; };
		359206D81DEEC95D007C77A3 /* HEX.swift in Sources */ = {isa = PBXBuildFile; fileRef = 359206D71DEEC95D007C77A3 /* HEX.swift */; };
		3595D22A1DEC62A000179730 /* AppDelegate.swift in Sources */ = {isa = PBXBuildFile; fileRef = 3595D2201DEC62A000179730 /* AppDelegate.swift */; };
		3595D22D1DEC62A000179730 /* Main.storyboard in Resources */ = {isa = PBXBuildFile; fileRef = 3595D2241DEC62A000179730 /* Main.storyboard */; };
		3595D22F1DEC632600179730 /* YXMainTabbarController.swift in Sources */ = {isa = PBXBuildFile; fileRef = 3595D22E1DEC632600179730 /* YXMainTabbarController.swift */; };
		35AF45CF1DF5427C003B8B56 /* User.swift in Sources */ = {isa = PBXBuildFile; fileRef = 35AF45CE1DF5427C003B8B56 /* User.swift */; };
		35AF45D11DF54402003B8B56 /* UserGroup.swift in Sources */ = {isa = PBXBuildFile; fileRef = 35AF45D01DF54402003B8B56 /* UserGroup.swift */; };
		35AF45D31DF547C6003B8B56 /* LastContact.swift in Sources */ = {isa = PBXBuildFile; fileRef = 35AF45D21DF547C6003B8B56 /* LastContact.swift */; };
		35AF45D51DF5480D003B8B56 /* BasicInfo.swift in Sources */ = {isa = PBXBuildFile; fileRef = 35AF45D41DF5480D003B8B56 /* BasicInfo.swift */; };
		35AF45D71DF5482B003B8B56 /* ContactInfo.swift in Sources */ = {isa = PBXBuildFile; fileRef = 35AF45D61DF5482B003B8B56 /* ContactInfo.swift */; };
		35B5E7AF1DF696A800A30EDB /* YXTabBar.swift in Sources */ = {isa = PBXBuildFile; fileRef = 35B5E7AE1DF696A800A30EDB /* YXTabBar.swift */; };
		35B5E7B51DF6988400A30EDB /* YXAddViewController.swift in Sources */ = {isa = PBXBuildFile; fileRef = 35B5E7B41DF6988400A30EDB /* YXAddViewController.swift */; };
		35B5E7B71DF6A39000A30EDB /* YXHistoryDataManager.swift in Sources */ = {isa = PBXBuildFile; fileRef = 35B5E7B61DF6A39000A30EDB /* YXHistoryDataManager.swift */; };
		DA2F57B53ADD13DFB9A1F5E9 /* Pods_Determined.framework in Frameworks */ = {isa = PBXBuildFile; fileRef = 657471C9474F6CEEA0BDC7F1 /* Pods_Determined.framework */; };
/* End PBXBuildFile section */

/* Begin PBXFileReference section */
		35606A1F1DED13B600302656 /* YXHistoryViewController.swift */ = {isa = PBXFileReference; fileEncoding = 4; lastKnownFileType = sourcecode.swift; path = YXHistoryViewController.swift; sourceTree = "<group>"; };
		35606A211DED13C200302656 /* YXFindViewController.swift */ = {isa = PBXFileReference; fileEncoding = 4; lastKnownFileType = sourcecode.swift; path = YXFindViewController.swift; sourceTree = "<group>"; };
		35606A231DED13CD00302656 /* YXMeViewController.swift */ = {isa = PBXFileReference; fileEncoding = 4; lastKnownFileType = sourcecode.swift; path = YXMeViewController.swift; sourceTree = "<group>"; };
		35606A2A1DED776C00302656 /* Assets.xcassets */ = {isa = PBXFileReference; lastKnownFileType = folder.assetcatalog; path = Assets.xcassets; sourceTree = "<group>"; };
		35606A2C1DED9EE600302656 /* Determined-Bridging-Header.h */ = {isa = PBXFileReference; lastKnownFileType = sourcecode.c.h; path = "Determined-Bridging-Header.h"; sourceTree = "<group>"; };
		35606A2D1DED9EE700302656 /* YYFPSLabel.h */ = {isa = PBXFileReference; fileEncoding = 4; lastKnownFileType = sourcecode.c.h; path = YYFPSLabel.h; sourceTree = "<group>"; };
		35606A2E1DED9EE700302656 /* YYFPSLabel.m */ = {isa = PBXFileReference; fileEncoding = 4; lastKnownFileType = sourcecode.c.objc; path = YYFPSLabel.m; sourceTree = "<group>"; };
		35606A2F1DED9EE700302656 /* YYWeakProxy.h */ = {isa = PBXFileReference; fileEncoding = 4; lastKnownFileType = sourcecode.c.h; path = YYWeakProxy.h; sourceTree = "<group>"; };
		35606A301DED9EE700302656 /* YYWeakProxy.m */ = {isa = PBXFileReference; fileEncoding = 4; lastKnownFileType = sourcecode.c.objc; path = YYWeakProxy.m; sourceTree = "<group>"; };
		356123B61DF7A87A00EED1D4 /* YXNewDetailViewController.swift */ = {isa = PBXFileReference; fileEncoding = 4; lastKnownFileType = sourcecode.swift; path = YXNewDetailViewController.swift; sourceTree = "<group>"; };
		356123B81DF7A9AD00EED1D4 /* YXNewDetailHeadView.swift */ = {isa = PBXFileReference; fileEncoding = 4; lastKnownFileType = sourcecode.swift; path = YXNewDetailHeadView.swift; sourceTree = "<group>"; };
		356123BA1DF7BFF500EED1D4 /* YXNewDetailTableViewCell.swift */ = {isa = PBXFileReference; fileEncoding = 4; lastKnownFileType = sourcecode.swift; path = YXNewDetailTableViewCell.swift; sourceTree = "<group>"; };
		356123BC1DF7D88F00EED1D4 /* Roboto-Bold.ttf */ = {isa = PBXFileReference; lastKnownFileType = file; path = "Roboto-Bold.ttf"; sourceTree = "<group>"; };
		356123BD1DF7F2E300EED1D4 /* YXNavigationController.swift */ = {isa = PBXFileReference; fileEncoding = 4; lastKnownFileType = sourcecode.swift; path = YXNavigationController.swift; sourceTree = "<group>"; };
		356123C31DF80E2500EED1D4 /* YXAddFriendViewController.swift */ = {isa = PBXFileReference; fileEncoding = 4; lastKnownFileType = sourcecode.swift; path = YXAddFriendViewController.swift; sourceTree = "<group>"; };
		356123C51DF80F1900EED1D4 /* YXAddFriendHeadView.swift */ = {isa = PBXFileReference; fileEncoding = 4; lastKnownFileType = sourcecode.swift; path = YXAddFriendHeadView.swift; sourceTree = "<group>"; };
		356123C71DF823D700EED1D4 /* YXAddFriendOneTableViewCell.swift */ = {isa = PBXFileReference; fileEncoding = 4; lastKnownFileType = sourcecode.swift; path = YXAddFriendOneTableViewCell.swift; sourceTree = "<group>"; };
		356123C91DF82AF200EED1D4 /* YXTextField.swift */ = {isa = PBXFileReference; fileEncoding = 4; lastKnownFileType = sourcecode.swift; path = YXTextField.swift; sourceTree = "<group>"; };
		356123CB1DF830E700EED1D4 /* YXAddFriendTwoTableViewCell.swift */ = {isa = PBXFileReference; fileEncoding = 4; lastKnownFileType = sourcecode.swift; path = YXAddFriendTwoTableViewCell.swift; sourceTree = "<group>"; };
		356123CD1DF833BD00EED1D4 /* YXAddFriendDataManager.swift */ = {isa = PBXFileReference; fileEncoding = 4; lastKnownFileType = sourcecode.swift; path = YXAddFriendDataManager.swift; sourceTree = "<group>"; };
		356123CF1DF8368500EED1D4 /* YXAddFriendThreeTableViewCell.swift */ = {isa = PBXFileReference; fileEncoding = 4; lastKnownFileType = sourcecode.swift; path = YXAddFriendThreeTableViewCell.swift; sourceTree = "<group>"; };
		3578B5B01DF122EB0012C5A1 /* CoreData.framework */ = {isa = PBXFileReference; lastKnownFileType = wrapper.framework; name = CoreData.framework; path = System/Library/Frameworks/CoreData.framework; sourceTree = SDKROOT; };
		3578B5BC1DF127420012C5A1 /* data.xcdatamodel */ = {isa = PBXFileReference; lastKnownFileType = wrapper.xcdatamodel; path = data.xcdatamodel; sourceTree = "<group>"; };
		3582D7FB1DF0436F00FBA86D /* YXHistoryMainCell.swift */ = {isa = PBXFileReference; fileEncoding = 4; lastKnownFileType = sourcecode.swift; path = YXHistoryMainCell.swift; sourceTree = "<group>"; };
		3582D7FE1DF04C0F00FBA86D /* SourceHanSansCN-Light.TTF */ = {isa = PBXFileReference; lastKnownFileType = file; path = "SourceHanSansCN-Light.TTF"; sourceTree = "<group>"; };
		359206C71DEEAE44007C77A3 /* YXHomeViewController.swift */ = {isa = PBXFileReference; fileEncoding = 4; lastKnownFileType = sourcecode.swift; path = YXHomeViewController.swift; sourceTree = "<group>"; };
		359206CA1DEEAE44007C77A3 /* YXHomeDataManager.swift */ = {isa = PBXFileReference; fileEncoding = 4; lastKnownFileType = sourcecode.swift; path = YXHomeDataManager.swift; sourceTree = "<group>"; };
		359206CB1DEEAE44007C77A3 /* YXHomeModel.swift */ = {isa = PBXFileReference; fileEncoding = 4; lastKnownFileType = sourcecode.swift; path = YXHomeModel.swift; sourceTree = "<group>"; };
		359206CD1DEEAE44007C77A3 /* YXHomeTableViewCell.swift */ = {isa = PBXFileReference; fileEncoding = 4; lastKnownFileType = sourcecode.swift; path = YXHomeTableViewCell.swift; sourceTree = "<group>"; };
		359206D71DEEC95D007C77A3 /* HEX.swift */ = {isa = PBXFileReference; fileEncoding = 4; lastKnownFileType = sourcecode.swift; path = HEX.swift; sourceTree = "<group>"; };
		3595D1FE1DEC61FA00179730 /* Determined.app */ = {isa = PBXFileReference; explicitFileType = wrapper.application; includeInIndex = 0; path = Determined.app; sourceTree = BUILT_PRODUCTS_DIR; };
		3595D20D1DEC61FA00179730 /* Info.plist */ = {isa = PBXFileReference; lastKnownFileType = text.plist.xml; path = Info.plist; sourceTree = "<group>"; };
		3595D2201DEC62A000179730 /* AppDelegate.swift */ = {isa = PBXFileReference; fileEncoding = 4; lastKnownFileType = sourcecode.swift; path = AppDelegate.swift; sourceTree = "<group>"; };
		3595D2251DEC62A000179730 /* Base */ = {isa = PBXFileReference; lastKnownFileType = file.storyboard; name = Base; path = Base.lproj/Main.storyboard; sourceTree = "<group>"; };
		3595D22E1DEC632600179730 /* YXMainTabbarController.swift */ = {isa = PBXFileReference; fileEncoding = 4; lastKnownFileType = sourcecode.swift; path = YXMainTabbarController.swift; sourceTree = "<group>"; };
		35AF45CE1DF5427C003B8B56 /* User.swift */ = {isa = PBXFileReference; fileEncoding = 4; lastKnownFileType = sourcecode.swift; path = User.swift; sourceTree = "<group>"; };
		35AF45D01DF54402003B8B56 /* UserGroup.swift */ = {isa = PBXFileReference; fileEncoding = 4; lastKnownFileType = sourcecode.swift; path = UserGroup.swift; sourceTree = "<group>"; };
		35AF45D21DF547C6003B8B56 /* LastContact.swift */ = {isa = PBXFileReference; fileEncoding = 4; lastKnownFileType = sourcecode.swift; path = LastContact.swift; sourceTree = "<group>"; };
		35AF45D41DF5480D003B8B56 /* BasicInfo.swift */ = {isa = PBXFileReference; fileEncoding = 4; lastKnownFileType = sourcecode.swift; path = BasicInfo.swift; sourceTree = "<group>"; };
		35AF45D61DF5482B003B8B56 /* ContactInfo.swift */ = {isa = PBXFileReference; fileEncoding = 4; lastKnownFileType = sourcecode.swift; path = ContactInfo.swift; sourceTree = "<group>"; };
		35B5E7AE1DF696A800A30EDB /* YXTabBar.swift */ = {isa = PBXFileReference; fileEncoding = 4; lastKnownFileType = sourcecode.swift; name = YXTabBar.swift; path = "分类/YXTabBar.swift"; sourceTree = "<group>"; };
		35B5E7B41DF6988400A30EDB /* YXAddViewController.swift */ = {isa = PBXFileReference; fileEncoding = 4; lastKnownFileType = sourcecode.swift; path = YXAddViewController.swift; sourceTree = "<group>"; };
		35B5E7B61DF6A39000A30EDB /* YXHistoryDataManager.swift */ = {isa = PBXFileReference; fileEncoding = 4; lastKnownFileType = sourcecode.swift; path = YXHistoryDataManager.swift; sourceTree = "<group>"; };
		657471C9474F6CEEA0BDC7F1 /* Pods_Determined.framework */ = {isa = PBXFileReference; explicitFileType = wrapper.framework; includeInIndex = 0; path = Pods_Determined.framework; sourceTree = BUILT_PRODUCTS_DIR; };
		B157EBC8E5E984DD8B99E0F2 /* Pods-Determined.release.xcconfig */ = {isa = PBXFileReference; includeInIndex = 1; lastKnownFileType = text.xcconfig; name = "Pods-Determined.release.xcconfig"; path = "Pods/Target Support Files/Pods-Determined/Pods-Determined.release.xcconfig"; sourceTree = "<group>"; };
		E24BB88BFF16E4D024637115 /* Pods-Determined.debug.xcconfig */ = {isa = PBXFileReference; includeInIndex = 1; lastKnownFileType = text.xcconfig; name = "Pods-Determined.debug.xcconfig"; path = "Pods/Target Support Files/Pods-Determined/Pods-Determined.debug.xcconfig"; sourceTree = "<group>"; };
/* End PBXFileReference section */

/* Begin PBXFrameworksBuildPhase section */
		3595D1FB1DEC61FA00179730 /* Frameworks */ = {
			isa = PBXFrameworksBuildPhase;
			buildActionMask = 2147483647;
			files = (
				3578B5B11DF122EB0012C5A1 /* CoreData.framework in Frameworks */,
				DA2F57B53ADD13DFB9A1F5E9 /* Pods_Determined.framework in Frameworks */,
			);
			runOnlyForDeploymentPostprocessing = 0;
		};
/* End PBXFrameworksBuildPhase section */

/* Begin PBXGroup section */
		34A306BCBB5A808E599B394A /* Frameworks */ = {
			isa = PBXGroup;
			children = (
				3578B5B01DF122EB0012C5A1 /* CoreData.framework */,
				657471C9474F6CEEA0BDC7F1 /* Pods_Determined.framework */,
			);
			name = Frameworks;
			sourceTree = "<group>";
		};
		35606A271DED67AE00302656 /* 分类 */ = {
			isa = PBXGroup;
			children = (
				359206D71DEEC95D007C77A3 /* HEX.swift */,
			);
			path = "分类";
			sourceTree = "<group>";
		};
		356123B21DF7A86500EED1D4 /* NewDetail */ = {
			isa = PBXGroup;
			children = (
				356123B31DF7A86500EED1D4 /* Controller */,
				356123B41DF7A86500EED1D4 /* Model */,
				356123B51DF7A86500EED1D4 /* View */,
			);
			path = NewDetail;
			sourceTree = "<group>";
		};
		356123B31DF7A86500EED1D4 /* Controller */ = {
			isa = PBXGroup;
			children = (
				356123B61DF7A87A00EED1D4 /* YXNewDetailViewController.swift */,
			);
			path = Controller;
			sourceTree = "<group>";
		};
		356123B41DF7A86500EED1D4 /* Model */ = {
			isa = PBXGroup;
			children = (
			);
			path = Model;
			sourceTree = "<group>";
		};
		356123B51DF7A86500EED1D4 /* View */ = {
			isa = PBXGroup;
			children = (
				356123B81DF7A9AD00EED1D4 /* YXNewDetailHeadView.swift */,
				356123BA1DF7BFF500EED1D4 /* YXNewDetailTableViewCell.swift */,
			);
			path = View;
			sourceTree = "<group>";
		};
		356123BF1DF80E0100EED1D4 /* 添加联系人 */ = {
			isa = PBXGroup;
			children = (
				356123C01DF80E0100EED1D4 /* Controller */,
				356123C11DF80E0100EED1D4 /* Model */,
				356123C21DF80E0100EED1D4 /* View */,
			);
			path = "添加联系人";
			sourceTree = "<group>";
		};
		356123C01DF80E0100EED1D4 /* Controller */ = {
			isa = PBXGroup;
			children = (
				356123C31DF80E2500EED1D4 /* YXAddFriendViewController.swift */,
			);
			path = Controller;
			sourceTree = "<group>";
		};
		356123C11DF80E0100EED1D4 /* Model */ = {
			isa = PBXGroup;
			children = (
				356123CD1DF833BD00EED1D4 /* YXAddFriendDataManager.swift */,
			);
			path = Model;
			sourceTree = "<group>";
		};
		356123C21DF80E0100EED1D4 /* View */ = {
			isa = PBXGroup;
			children = (
				356123C51DF80F1900EED1D4 /* YXAddFriendHeadView.swift */,
				356123C71DF823D700EED1D4 /* YXAddFriendOneTableViewCell.swift */,
				356123C91DF82AF200EED1D4 /* YXTextField.swift */,
				356123CB1DF830E700EED1D4 /* YXAddFriendTwoTableViewCell.swift */,
				356123CF1DF8368500EED1D4 /* YXAddFriendThreeTableViewCell.swift */,
			);
			path = View;
			sourceTree = "<group>";
		};
		3578B5BA1DF127420012C5A1 /* CoreData */ = {
			isa = PBXGroup;
			children = (
				3578B5BB1DF127420012C5A1 /* data.xcdatamodeld */,
				35AF45CE1DF5427C003B8B56 /* User.swift */,
				35AF45D01DF54402003B8B56 /* UserGroup.swift */,
				35AF45D21DF547C6003B8B56 /* LastContact.swift */,
				35AF45D41DF5480D003B8B56 /* BasicInfo.swift */,
				35AF45D61DF5482B003B8B56 /* ContactInfo.swift */,
			);
			path = CoreData;
			sourceTree = "<group>";
		};
		359206C51DEEAE44007C77A3 /* List */ = {
			isa = PBXGroup;
			children = (
				359206C61DEEAE44007C77A3 /* Controller */,
				359206C91DEEAE44007C77A3 /* Mode */,
				359206CC1DEEAE44007C77A3 /* View */,
			);
			path = List;
			sourceTree = "<group>";
		};
		359206C61DEEAE44007C77A3 /* Controller */ = {
			isa = PBXGroup;
			children = (
				359206C71DEEAE44007C77A3 /* YXHomeViewController.swift */,
			);
			path = Controller;
			sourceTree = "<group>";
		};
		359206C91DEEAE44007C77A3 /* Mode */ = {
			isa = PBXGroup;
			children = (
				359206CA1DEEAE44007C77A3 /* YXHomeDataManager.swift */,
				359206CB1DEEAE44007C77A3 /* YXHomeModel.swift */,
			);
			path = Mode;
			sourceTree = "<group>";
		};
		359206CC1DEEAE44007C77A3 /* View */ = {
			isa = PBXGroup;
			children = (
				359206CD1DEEAE44007C77A3 /* YXHomeTableViewCell.swift */,
			);
			path = View;
			sourceTree = "<group>";
		};
		3595D1F51DEC61FA00179730 = {
			isa = PBXGroup;
			children = (
				3595D2001DEC61FA00179730 /* Determined */,
				3595D1FF1DEC61FA00179730 /* Products */,
				789C30C724FC83672071B054 /* Pods */,
				34A306BCBB5A808E599B394A /* Frameworks */,
			);
			sourceTree = "<group>";
		};
		3595D1FF1DEC61FA00179730 /* Products */ = {
			isa = PBXGroup;
			children = (
				3595D1FE1DEC61FA00179730 /* Determined.app */,
			);
			name = Products;
			sourceTree = "<group>";
		};
		3595D2001DEC61FA00179730 /* Determined */ = {
			isa = PBXGroup;
			children = (
				35B5E7B01DF6983600A30EDB /* Add */,
				3595D21F1DEC62A000179730 /* Main */,
				3595D2261DEC62A000179730 /* Me */,
				3595D2131DEC629900179730 /* Find */,
				3595D2171DEC629900179730 /* History */,
				3595D21B1DEC629900179730 /* Home */,
				3595D20D1DEC61FA00179730 /* Info.plist */,
			);
			path = Determined;
			sourceTree = "<group>";
		};
		3595D2131DEC629900179730 /* Find */ = {
			isa = PBXGroup;
			children = (
				3595D2141DEC629900179730 /* Controller */,
				3595D2151DEC629900179730 /* Mode */,
				3595D2161DEC629900179730 /* View */,
			);
			path = Find;
			sourceTree = "<group>";
		};
		3595D2141DEC629900179730 /* Controller */ = {
			isa = PBXGroup;
			children = (
				35606A211DED13C200302656 /* YXFindViewController.swift */,
			);
			path = Controller;
			sourceTree = "<group>";
		};
		3595D2151DEC629900179730 /* Mode */ = {
			isa = PBXGroup;
			children = (
			);
			path = Mode;
			sourceTree = "<group>";
		};
		3595D2161DEC629900179730 /* View */ = {
			isa = PBXGroup;
			children = (
			);
			path = View;
			sourceTree = "<group>";
		};
		3595D2171DEC629900179730 /* History */ = {
			isa = PBXGroup;
			children = (
				3595D2181DEC629900179730 /* Controller */,
				3595D2191DEC629900179730 /* Mode */,
				3595D21A1DEC629900179730 /* View */,
			);
			path = History;
			sourceTree = "<group>";
		};
		3595D2181DEC629900179730 /* Controller */ = {
			isa = PBXGroup;
			children = (
				35606A1F1DED13B600302656 /* YXHistoryViewController.swift */,
			);
			path = Controller;
			sourceTree = "<group>";
		};
		3595D2191DEC629900179730 /* Mode */ = {
			isa = PBXGroup;
			children = (
				35B5E7B61DF6A39000A30EDB /* YXHistoryDataManager.swift */,
			);
			path = Mode;
			sourceTree = "<group>";
		};
		3595D21A1DEC629900179730 /* View */ = {
			isa = PBXGroup;
			children = (
				3582D7FB1DF0436F00FBA86D /* YXHistoryMainCell.swift */,
			);
			path = View;
			sourceTree = "<group>";
		};
		3595D21B1DEC629900179730 /* Home */ = {
			isa = PBXGroup;
			children = (
				356123BF1DF80E0100EED1D4 /* 添加联系人 */,
				356123B21DF7A86500EED1D4 /* NewDetail */,
				359206C51DEEAE44007C77A3 /* List */,
			);
			path = Home;
			sourceTree = "<group>";
		};
		3595D21F1DEC62A000179730 /* Main */ = {
			isa = PBXGroup;
			children = (
				356123BC1DF7D88F00EED1D4 /* Roboto-Bold.ttf */,
				35B5E7AE1DF696A800A30EDB /* YXTabBar.swift */,
				3578B5BA1DF127420012C5A1 /* CoreData */,
				3582D7FE1DF04C0F00FBA86D /* SourceHanSansCN-Light.TTF */,
				35606A2D1DED9EE700302656 /* YYFPSLabel.h */,
				35606A2E1DED9EE700302656 /* YYFPSLabel.m */,
				35606A2F1DED9EE700302656 /* YYWeakProxy.h */,
				35606A301DED9EE700302656 /* YYWeakProxy.m */,
				35606A2A1DED776C00302656 /* Assets.xcassets */,
				35606A271DED67AE00302656 /* 分类 */,
				3595D2201DEC62A000179730 /* AppDelegate.swift */,
				3595D2241DEC62A000179730 /* Main.storyboard */,
				3595D22E1DEC632600179730 /* YXMainTabbarController.swift */,
				35606A2C1DED9EE600302656 /* Determined-Bridging-Header.h */,
				356123BD1DF7F2E300EED1D4 /* YXNavigationController.swift */,
			);
			path = Main;
			sourceTree = "<group>";
		};
		3595D2261DEC62A000179730 /* Me */ = {
			isa = PBXGroup;
			children = (
				3595D2271DEC62A000179730 /* Controller */,
				3595D2281DEC62A000179730 /* Mode */,
				3595D2291DEC62A000179730 /* View */,
			);
			path = Me;
			sourceTree = "<group>";
		};
		3595D2271DEC62A000179730 /* Controller */ = {
			isa = PBXGroup;
			children = (
				35606A231DED13CD00302656 /* YXMeViewController.swift */,
			);
			path = Controller;
			sourceTree = "<group>";
		};
		3595D2281DEC62A000179730 /* Mode */ = {
			isa = PBXGroup;
			children = (
			);
			path = Mode;
			sourceTree = "<group>";
		};
		3595D2291DEC62A000179730 /* View */ = {
			isa = PBXGroup;
			children = (
			);
			path = View;
			sourceTree = "<group>";
		};
		35B5E7B01DF6983600A30EDB /* Add */ = {
			isa = PBXGroup;
			children = (
				35B5E7B11DF6983600A30EDB /* Controller */,
				35B5E7B21DF6983600A30EDB /* Model */,
				35B5E7B31DF6983600A30EDB /* View */,
			);
			path = Add;
			sourceTree = "<group>";
		};
		35B5E7B11DF6983600A30EDB /* Controller */ = {
			isa = PBXGroup;
			children = (
				35B5E7B41DF6988400A30EDB /* YXAddViewController.swift */,
			);
			path = Controller;
			sourceTree = "<group>";
		};
		35B5E7B21DF6983600A30EDB /* Model */ = {
			isa = PBXGroup;
			children = (
			);
			path = Model;
			sourceTree = "<group>";
		};
		35B5E7B31DF6983600A30EDB /* View */ = {
			isa = PBXGroup;
			children = (
			);
			path = View;
			sourceTree = "<group>";
		};
		789C30C724FC83672071B054 /* Pods */ = {
			isa = PBXGroup;
			children = (
				E24BB88BFF16E4D024637115 /* Pods-Determined.debug.xcconfig */,
				B157EBC8E5E984DD8B99E0F2 /* Pods-Determined.release.xcconfig */,
			);
			name = Pods;
			sourceTree = "<group>";
		};
/* End PBXGroup section */

/* Begin PBXNativeTarget section */
		3595D1FD1DEC61FA00179730 /* Determined */ = {
			isa = PBXNativeTarget;
			buildConfigurationList = 3595D2101DEC61FA00179730 /* Build configuration list for PBXNativeTarget "Determined" */;
			buildPhases = (
				9DBDF6D4B2F38BEFCEC44ACD /* [CP] Check Pods Manifest.lock */,
				3595D1FA1DEC61FA00179730 /* Sources */,
				3595D1FB1DEC61FA00179730 /* Frameworks */,
				3595D1FC1DEC61FA00179730 /* Resources */,
				97445286C72C28C7FCD5412E /* [CP] Embed Pods Frameworks */,
				48752FB5818A073BEFD4DF7A /* [CP] Copy Pods Resources */,
			);
			buildRules = (
			);
			dependencies = (
			);
			name = Determined;
			productName = Determined;
			productReference = 3595D1FE1DEC61FA00179730 /* Determined.app */;
			productType = "com.apple.product-type.application";
		};
/* End PBXNativeTarget section */

/* Begin PBXProject section */
		3595D1F61DEC61FA00179730 /* Project object */ = {
			isa = PBXProject;
			attributes = {
				CLASSPREFIX = YX;
				LastSwiftUpdateCheck = 0810;
				LastUpgradeCheck = 0810;
				ORGANIZATIONNAME = duoyi;
				TargetAttributes = {
					3595D1FD1DEC61FA00179730 = {
						CreatedOnToolsVersion = 8.1;
						DevelopmentTeam = K786QX52SJ;
						LastSwiftMigration = 0810;
						ProvisioningStyle = Automatic;
					};
				};
			};
			buildConfigurationList = 3595D1F91DEC61FA00179730 /* Build configuration list for PBXProject "Determined" */;
			compatibilityVersion = "Xcode 3.2";
			developmentRegion = English;
			hasScannedForEncodings = 0;
			knownRegions = (
				en,
				Base,
			);
			mainGroup = 3595D1F51DEC61FA00179730;
			productRefGroup = 3595D1FF1DEC61FA00179730 /* Products */;
			projectDirPath = "";
			projectRoot = "";
			targets = (
				3595D1FD1DEC61FA00179730 /* Determined */,
			);
		};
/* End PBXProject section */

/* Begin PBXResourcesBuildPhase section */
		3595D1FC1DEC61FA00179730 /* Resources */ = {
			isa = PBXResourcesBuildPhase;
			buildActionMask = 2147483647;
			files = (
				35606A2B1DED776C00302656 /* Assets.xcassets in Resources */,
				3582D7FF1DF04C0F00FBA86D /* SourceHanSansCN-Light.TTF in Resources */,
				3595D22D1DEC62A000179730 /* Main.storyboard in Resources */,
			);
			runOnlyForDeploymentPostprocessing = 0;
		};
/* End PBXResourcesBuildPhase section */

/* Begin PBXShellScriptBuildPhase section */
		48752FB5818A073BEFD4DF7A /* [CP] Copy Pods Resources */ = {
			isa = PBXShellScriptBuildPhase;
			buildActionMask = 2147483647;
			files = (
			);
			inputPaths = (
			);
			name = "[CP] Copy Pods Resources";
			outputPaths = (
			);
			runOnlyForDeploymentPostprocessing = 0;
			shellPath = /bin/sh;
			shellScript = "\"${SRCROOT}/Pods/Target Support Files/Pods-Determined/Pods-Determined-resources.sh\"\n";
			showEnvVarsInLog = 0;
		};
		97445286C72C28C7FCD5412E /* [CP] Embed Pods Frameworks */ = {
			isa = PBXShellScriptBuildPhase;
			buildActionMask = 2147483647;
			files = (
			);
			inputPaths = (
			);
			name = "[CP] Embed Pods Frameworks";
			outputPaths = (
			);
			runOnlyForDeploymentPostprocessing = 0;
			shellPath = /bin/sh;
			shellScript = "\"${SRCROOT}/Pods/Target Support Files/Pods-Determined/Pods-Determined-frameworks.sh\"\n";
			showEnvVarsInLog = 0;
		};
		9DBDF6D4B2F38BEFCEC44ACD /* [CP] Check Pods Manifest.lock */ = {
			isa = PBXShellScriptBuildPhase;
			buildActionMask = 2147483647;
			files = (
			);
			inputPaths = (
			);
			name = "[CP] Check Pods Manifest.lock";
			outputPaths = (
			);
			runOnlyForDeploymentPostprocessing = 0;
			shellPath = /bin/sh;
			shellScript = "diff \"${PODS_ROOT}/../Podfile.lock\" \"${PODS_ROOT}/Manifest.lock\" > /dev/null\nif [ $? != 0 ] ; then\n    # print error to STDERR\n    echo \"error: The sandbox is not in sync with the Podfile.lock. Run 'pod install' or update your CocoaPods installation.\" >&2\n    exit 1\nfi\n";
			showEnvVarsInLog = 0;
		};
/* End PBXShellScriptBuildPhase section */

/* Begin PBXSourcesBuildPhase section */
		3595D1FA1DEC61FA00179730 /* Sources */ = {
			isa = PBXSourcesBuildPhase;
			buildActionMask = 2147483647;
			files = (
				35B5E7B71DF6A39000A30EDB /* YXHistoryDataManager.swift in Sources */,
				35606A311DED9EE700302656 /* YYFPSLabel.m in Sources */,
				35B5E7AF1DF696A800A30EDB /* YXTabBar.swift in Sources */,
				356123C41DF80E2500EED1D4 /* YXAddFriendViewController.swift in Sources */,
				3595D22A1DEC62A000179730 /* AppDelegate.swift in Sources */,
				356123C81DF823D700EED1D4 /* YXAddFriendOneTableViewCell.swift in Sources */,
				356123CC1DF830E700EED1D4 /* YXAddFriendTwoTableViewCell.swift in Sources */,
				356123B91DF7A9AD00EED1D4 /* YXNewDetailHeadView.swift in Sources */,
				35606A221DED13C200302656 /* YXFindViewController.swift in Sources */,
				3582D7FC1DF0436F00FBA86D /* YXHistoryMainCell.swift in Sources */,
				356123BB1DF7BFF500EED1D4 /* YXNewDetailTableViewCell.swift in Sources */,
				35606A321DED9EE700302656 /* YYWeakProxy.m in Sources */,
				35AF45D51DF5480D003B8B56 /* BasicInfo.swift in Sources */,
				359206D01DEEAE44007C77A3 /* YXHomeDataManager.swift in Sources */,
				356123BE1DF7F2E300EED1D4 /* YXNavigationController.swift in Sources */,
				35AF45CF1DF5427C003B8B56 /* User.swift in Sources */,
				359206D21DEEAE44007C77A3 /* YXHomeTableViewCell.swift in Sources */,
				356123CA1DF82AF200EED1D4 /* YXTextField.swift in Sources */,
				35AF45D31DF547C6003B8B56 /* LastContact.swift in Sources */,
				3595D22F1DEC632600179730 /* YXMainTabbarController.swift in Sources */,
				359206D81DEEC95D007C77A3 /* HEX.swift in Sources */,
				35B5E7B51DF6988400A30EDB /* YXAddViewController.swift in Sources */,
				356123C61DF80F1900EED1D4 /* YXAddFriendHeadView.swift in Sources */,
				356123D01DF8368500EED1D4 /* YXAddFriendThreeTableViewCell.swift in Sources */,
				35606A241DED13CD00302656 /* YXMeViewController.swift in Sources */,
				35AF45D11DF54402003B8B56 /* UserGroup.swift in Sources */,
				3578B5BF1DF127420012C5A1 /* data.xcdatamodeld in Sources */,
				356123B71DF7A87A00EED1D4 /* YXNewDetailViewController.swift in Sources */,
				35AF45D71DF5482B003B8B56 /* ContactInfo.swift in Sources */,
				359206CE1DEEAE44007C77A3 /* YXHomeViewController.swift in Sources */,
				35606A201DED13B600302656 /* YXHistoryViewController.swift in Sources */,
				356123CE1DF833BD00EED1D4 /* YXAddFriendDataManager.swift in Sources */,
				359206D11DEEAE44007C77A3 /* YXHomeModel.swift in Sources */,
			);
			runOnlyForDeploymentPostprocessing = 0;
		};
/* End PBXSourcesBuildPhase section */

/* Begin PBXVariantGroup section */
		3595D2241DEC62A000179730 /* Main.storyboard */ = {
			isa = PBXVariantGroup;
			children = (
				3595D2251DEC62A000179730 /* Base */,
			);
			name = Main.storyboard;
			sourceTree = "<group>";
		};
/* End PBXVariantGroup section */

/* Begin XCBuildConfiguration section */
		3595D20E1DEC61FA00179730 /* Debug */ = {
			isa = XCBuildConfiguration;
			buildSettings = {
				ALWAYS_SEARCH_USER_PATHS = NO;
				CLANG_ANALYZER_NONNULL = YES;
				CLANG_CXX_LANGUAGE_STANDARD = "gnu++0x";
				CLANG_CXX_LIBRARY = "libc++";
				CLANG_ENABLE_MODULES = YES;
				CLANG_ENABLE_OBJC_ARC = YES;
				CLANG_WARN_BOOL_CONVERSION = YES;
				CLANG_WARN_CONSTANT_CONVERSION = YES;
				CLANG_WARN_DIRECT_OBJC_ISA_USAGE = YES_ERROR;
				CLANG_WARN_DOCUMENTATION_COMMENTS = YES;
				CLANG_WARN_EMPTY_BODY = YES;
				CLANG_WARN_ENUM_CONVERSION = YES;
				CLANG_WARN_INFINITE_RECURSION = YES;
				CLANG_WARN_INT_CONVERSION = YES;
				CLANG_WARN_OBJC_ROOT_CLASS = YES_ERROR;
				CLANG_WARN_SUSPICIOUS_MOVE = YES;
				CLANG_WARN_SUSPICIOUS_MOVES = YES;
				CLANG_WARN_UNREACHABLE_CODE = YES;
				CLANG_WARN__DUPLICATE_METHOD_MATCH = YES;
				"CODE_SIGN_IDENTITY[sdk=iphoneos*]" = "iPhone Developer";
				COPY_PHASE_STRIP = NO;
				DEBUG_INFORMATION_FORMAT = dwarf;
				ENABLE_STRICT_OBJC_MSGSEND = YES;
				ENABLE_TESTABILITY = YES;
				GCC_C_LANGUAGE_STANDARD = gnu99;
				GCC_DYNAMIC_NO_PIC = NO;
				GCC_NO_COMMON_BLOCKS = YES;
				GCC_OPTIMIZATION_LEVEL = 0;
				GCC_PREPROCESSOR_DEFINITIONS = (
					"DEBUG=1",
					"$(inherited)",
				);
				GCC_WARN_64_TO_32_BIT_CONVERSION = YES;
				GCC_WARN_ABOUT_RETURN_TYPE = YES_ERROR;
				GCC_WARN_UNDECLARED_SELECTOR = YES;
				GCC_WARN_UNINITIALIZED_AUTOS = YES_AGGRESSIVE;
				GCC_WARN_UNUSED_FUNCTION = YES;
				GCC_WARN_UNUSED_VARIABLE = YES;
				IPHONEOS_DEPLOYMENT_TARGET = 10.1;
				MTL_ENABLE_DEBUG_INFO = YES;
				ONLY_ACTIVE_ARCH = YES;
				SDKROOT = iphoneos;
				SWIFT_ACTIVE_COMPILATION_CONDITIONS = DEBUG;
				SWIFT_OPTIMIZATION_LEVEL = "-Onone";
			};
			name = Debug;
		};
		3595D20F1DEC61FA00179730 /* Release */ = {
			isa = XCBuildConfiguration;
			buildSettings = {
				ALWAYS_SEARCH_USER_PATHS = NO;
				CLANG_ANALYZER_NONNULL = YES;
				CLANG_CXX_LANGUAGE_STANDARD = "gnu++0x";
				CLANG_CXX_LIBRARY = "libc++";
				CLANG_ENABLE_MODULES = YES;
				CLANG_ENABLE_OBJC_ARC = YES;
				CLANG_WARN_BOOL_CONVERSION = YES;
				CLANG_WARN_CONSTANT_CONVERSION = YES;
				CLANG_WARN_DIRECT_OBJC_ISA_USAGE = YES_ERROR;
				CLANG_WARN_DOCUMENTATION_COMMENTS = YES;
				CLANG_WARN_EMPTY_BODY = YES;
				CLANG_WARN_ENUM_CONVERSION = YES;
				CLANG_WARN_INFINITE_RECURSION = YES;
				CLANG_WARN_INT_CONVERSION = YES;
				CLANG_WARN_OBJC_ROOT_CLASS = YES_ERROR;
				CLANG_WARN_SUSPICIOUS_MOVE = YES;
				CLANG_WARN_SUSPICIOUS_MOVES = YES;
				CLANG_WARN_UNREACHABLE_CODE = YES;
				CLANG_WARN__DUPLICATE_METHOD_MATCH = YES;
				"CODE_SIGN_IDENTITY[sdk=iphoneos*]" = "iPhone Developer";
				COPY_PHASE_STRIP = NO;
				DEBUG_INFORMATION_FORMAT = "dwarf-with-dsym";
				ENABLE_NS_ASSERTIONS = NO;
				ENABLE_STRICT_OBJC_MSGSEND = YES;
				GCC_C_LANGUAGE_STANDARD = gnu99;
				GCC_NO_COMMON_BLOCKS = YES;
				GCC_WARN_64_TO_32_BIT_CONVERSION = YES;
				GCC_WARN_ABOUT_RETURN_TYPE = YES_ERROR;
				GCC_WARN_UNDECLARED_SELECTOR = YES;
				GCC_WARN_UNINITIALIZED_AUTOS = YES_AGGRESSIVE;
				GCC_WARN_UNUSED_FUNCTION = YES;
				GCC_WARN_UNUSED_VARIABLE = YES;
				IPHONEOS_DEPLOYMENT_TARGET = 10.1;
				MTL_ENABLE_DEBUG_INFO = NO;
				SDKROOT = iphoneos;
				SWIFT_OPTIMIZATION_LEVEL = "-Owholemodule";
				VALIDATE_PRODUCT = YES;
			};
			name = Release;
		};
		3595D2111DEC61FA00179730 /* Debug */ = {
			isa = XCBuildConfiguration;
			baseConfigurationReference = E24BB88BFF16E4D024637115 /* Pods-Determined.debug.xcconfig */;
			buildSettings = {
				ALWAYS_EMBED_SWIFT_STANDARD_LIBRARIES = YES;
				ASSETCATALOG_COMPILER_APPICON_NAME = AppIcon;
				ASSETCATALOG_COMPILER_LAUNCHIMAGE_NAME = LaunchImage;
				CLANG_ENABLE_MODULES = YES;
				DEVELOPMENT_TEAM = K786QX52SJ;
				INFOPLIST_FILE = Determined/Info.plist;
				IPHONEOS_DEPLOYMENT_TARGET = 8.0;
				LD_RUNPATH_SEARCH_PATHS = "$(inherited) @executable_path/Frameworks";
				PRODUCT_BUNDLE_IDENTIFIER = com.tianlan.Determined;
				PRODUCT_NAME = "$(TARGET_NAME)";
				SWIFT_OBJC_BRIDGING_HEADER = "Determined/Main/Determined-Bridging-Header.h";
				SWIFT_OPTIMIZATION_LEVEL = "-Onone";
				SWIFT_VERSION = 3.0;
			};
			name = Debug;
		};
		3595D2121DEC61FA00179730 /* Release */ = {
			isa = XCBuildConfiguration;
			baseConfigurationReference = B157EBC8E5E984DD8B99E0F2 /* Pods-Determined.release.xcconfig */;
			buildSettings = {
				ALWAYS_EMBED_SWIFT_STANDARD_LIBRARIES = YES;
				ASSETCATALOG_COMPILER_APPICON_NAME = AppIcon;
				ASSETCATALOG_COMPILER_LAUNCHIMAGE_NAME = LaunchImage;
				CLANG_ENABLE_MODULES = YES;
				DEVELOPMENT_TEAM = K786QX52SJ;
				INFOPLIST_FILE = Determined/Info.plist;
				IPHONEOS_DEPLOYMENT_TARGET = 8.0;
				LD_RUNPATH_SEARCH_PATHS = "$(inherited) @executable_path/Frameworks";
				PRODUCT_BUNDLE_IDENTIFIER = com.tianlan.Determined;
				PRODUCT_NAME = "$(TARGET_NAME)";
				SWIFT_OBJC_BRIDGING_HEADER = "Determined/Main/Determined-Bridging-Header.h";
				SWIFT_VERSION = 3.0;
			};
			name = Release;
		};
/* End XCBuildConfiguration section */

/* Begin XCConfigurationList section */
		3595D1F91DEC61FA00179730 /* Build configuration list for PBXProject "Determined" */ = {
			isa = XCConfigurationList;
			buildConfigurations = (
				3595D20E1DEC61FA00179730 /* Debug */,
				3595D20F1DEC61FA00179730 /* Release */,
			);
			defaultConfigurationIsVisible = 0;
			defaultConfigurationName = Release;
		};
		3595D2101DEC61FA00179730 /* Build configuration list for PBXNativeTarget "Determined" */ = {
			isa = XCConfigurationList;
			buildConfigurations = (
				3595D2111DEC61FA00179730 /* Debug */,
				3595D2121DEC61FA00179730 /* Release */,
			);
			defaultConfigurationIsVisible = 0;
			defaultConfigurationName = Release;
		};
/* End XCConfigurationList section */

/* Begin XCVersionGroup section */
		3578B5BB1DF127420012C5A1 /* data.xcdatamodeld */ = {
			isa = XCVersionGroup;
			children = (
				3578B5BC1DF127420012C5A1 /* data.xcdatamodel */,
			);
			currentVersion = 3578B5BC1DF127420012C5A1 /* data.xcdatamodel */;
			path = data.xcdatamodeld;
			sourceTree = "<group>";
			versionGroupType = wrapper.xcdatamodel;
		};
/* End XCVersionGroup section */
	};
	rootObject = 3595D1F61DEC61FA00179730 /* Project object */;
}
